
Microsoft Visual Studio Solution File, Format Version 12.00
# Visual Studio Express 14 for Windows Desktop
VisualStudioVersion = 14.0.25420.1
MinimumVisualStudioVersion = 10.0.40219.1
Project("{8BC9CEB8-8B4A-11D0-8D11-00A0C91BC942}") = "Permutation", "Permutation\Permutation.vcxproj", "{B0933085-62E0-40E7-8AC8-AF9294A128B0}"
EndProject
Project("{8BC9CEB8-8B4A-11D0-8D11-00A0C91BC942}") = "HelloWorld", "HelloWorld\HelloWorld.vcxproj", "{7C5C9FB8-143A-4BB8-97D3-5ECA205F787B}"
EndProject
Project("{8BC9CEB8-8B4A-11D0-8D11-00A0C91BC942}") = "PathToHoney", "PathToHoney\PathToHoney.vcxproj", "{A4D02AE3-DD2D-4284-BE63-070688499304}"
EndProject
Global
	GlobalSection(SolutionConfigurationPlatforms) = preSolution
		Debug|x64 = Debug|x64
		Debug|x86 = Debug|x86
		Release|x64 = Release|x64
		Release|x86 = Release|x86
	EndGlobalSection
	GlobalSection(ProjectConfigurationPlatforms) = postSolution
		{B0933085-62E0-40E7-8AC8-AF9294A128B0}.Debug|x64.ActiveCfg = Debug|x64
		{B0933085-62E0-40E7-8AC8-AF9294A128B0}.Debug|x64.Build.0 = Debug|x64
		{B0933085-62E0-40E7-8AC8-AF9294A128B0}.Debug|x86.ActiveCfg = Debug|Win32
		{B0933085-62E0-40E7-8AC8-AF9294A128B0}.Debug|x86.Build.0 = Debug|Win32
		{B0933085-62E0-40E7-8AC8-AF9294A128B0}.Release|x64.ActiveCfg = Release|x64
		{B0933085-62E0-40E7-8AC8-AF9294A128B0}.Release|x64.Build.0 = Release|x64
		{B0933085-62E0-40E7-8AC8-AF9294A128B0}.Release|x86.ActiveCfg = Release|Win32
		{B0933085-62E0-40E7-8AC8-AF9294A128B0}.Release|x86.Build.0 = Release|Win32
		{7C5C9FB8-143A-4BB8-97D3-5ECA205F787B}.Debug|x64.ActiveCfg = Debug|x64
		{7C5C9FB8-143A-4BB8-97D3-5ECA205F787B}.Debug|x64.Build.0 = Debug|x64
		{7C5C9FB8-143A-4BB8-97D3-5ECA205F787B}.Debug|x86.ActiveCfg = Debug|Win32
		{7C5C9FB8-143A-4BB8-97D3-5ECA205F787B}.Debug|x86.Build.0 = Debug|Win32
		{7C5C9FB8-143A-4BB8-97D3-5ECA205F787B}.Release|x64.ActiveCfg = Release|x64
		{7C5C9FB8-143A-4BB8-97D3-5ECA205F787B}.Release|x64.Build.0 = Release|x64
		{7C5C9FB8-143A-4BB8-97D3-5ECA205F787B}.Release|x86.ActiveCfg = Release|Win32
		{7C5C9FB8-143A-4BB8-97D3-5ECA205F787B}.Release|x86.Build.0 = Release|Win32
		{A4D02AE3-DD2D-4284-BE63-070688499304}.Debug|x64.ActiveCfg = Debug|x64
		{A4D02AE3-DD2D-4284-BE63-070688499304}.Debug|x64.Build.0 = Debug|x64
		{A4D02AE3-DD2D-4284-BE63-070688499304}.Debug|x86.ActiveCfg = Debug|Win32
		{A4D02AE3-DD2D-4284-BE63-070688499304}.Debug|x86.Build.0 = Debug|Win32
		{A4D02AE3-DD2D-4284-BE63-070688499304}.Release|x64.ActiveCfg = Release|x64
		{A4D02AE3-DD2D-4284-BE63-070688499304}.Release|x64.Build.0 = Release|x64
		{A4D02AE3-DD2D-4284-BE63-070688499304}.Release|x86.ActiveCfg = Release|Win32
		{A4D02AE3-DD2D-4284-BE63-070688499304}.Release|x86.Build.0 = Release|Win32
	EndGlobalSection
	GlobalSection(SolutionProperties) = preSolution
		HideSolutionNode = FALSE
	EndGlobalSection
EndGlobal
