
Microsoft Visual Studio Solution File, Format Version 12.00
# Visual Studio Express 15 for Windows Desktop
VisualStudioVersion = 15.0.27130.2024
MinimumVisualStudioVersion = 10.0.40219.1
Project("{8BC9CEB8-8B4A-11D0-8D11-00A0C91BC942}") = "Permutation", "Permutation\Permutation.vcxproj", "{B0933085-62E0-40E7-8AC8-AF9294A128B0}"
EndProject
Project("{8BC9CEB8-8B4A-11D0-8D11-00A0C91BC942}") = "HelloWorld", "HelloWorld\HelloWorld.vcxproj", "{7C5C9FB8-143A-4BB8-97D3-5ECA205F787B}"
EndProject
Project("{8BC9CEB8-8B4A-11D0-8D11-00A0C91BC942}") = "PathToHoney", "PathToHoney\PathToHoney.vcxproj", "{A4D02AE3-DD2D-4284-BE63-070688499304}"
EndProject
Project("{8BC9CEB8-8B4A-11D0-8D11-00A0C91BC942}") = "DynamicProgramming", "DynamicProgramming\DynamicProgramming.vcxproj", "{07416A36-01F4-4D3C-90F9-B183C877B082}"
EndProject
Global
	GlobalSection(SolutionConfigurationPlatforms) = preSolution
		Debug|x64 = Debug|x64
		Debug|x86 = Debug|x86
		Release|x64 = Release|x64
		Release|x86 = Release|x86
	EndGlobalSection
	GlobalSection(ProjectConfigurationPlatforms) = postSolution
		{B0933085-62E0-40E7-8AC8-AF9294A128B0}.Debug|x64.ActiveCfg = Debug|x64
		{B0933085-62E0-40E7-8AC8-AF9294A128B0}.Debug|x64.Build.0 = Debug|x64
		{B0933085-62E0-40E7-8AC8-AF9294A128B0}.Debug|x86.ActiveCfg = Debug|Win32
		{B0933085-62E0-40E7-8AC8-AF9294A128B0}.Debug|x86.Build.0 = Debug|Win32
		{B0933085-62E0-40E7-8AC8-AF9294A128B0}.Release|x64.ActiveCfg = Release|x64
		{B0933085-62E0-40E7-8AC8-AF9294A128B0}.Release|x64.Build.0 = Release|x64
		{B0933085-62E0-40E7-8AC8-AF9294A128B0}.Release|x86.ActiveCfg = Release|Win32
		{B0933085-62E0-40E7-8AC8-AF9294A128B0}.Release|x86.Build.0 = Release|Win32
		{7C5C9FB8-143A-4BB8-97D3-5ECA205F787B}.Debug|x64.ActiveCfg = Debug|x64
		{7C5C9FB8-143A-4BB8-97D3-5ECA205F787B}.Debug|x64.Build.0 = Debug|x64
		{7C5C9FB8-143A-4BB8-97D3-5ECA205F787B}.Debug|x86.ActiveCfg = Debug|Win32
		{7C5C9FB8-143A-4BB8-97D3-5ECA205F787B}.Debug|x86.Build.0 = Debug|Win32
		{7C5C9FB8-143A-4BB8-97D3-5ECA205F787B}.Release|x64.ActiveCfg = Release|x64
		{7C5C9FB8-143A-4BB8-97D3-5ECA205F787B}.Release|x64.Build.0 = Release|x64
		{7C5C9FB8-143A-4BB8-97D3-5ECA205F787B}.Release|x86.ActiveCfg = Release|Win32
		{7C5C9FB8-143A-4BB8-97D3-5ECA205F787B}.Release|x86.Build.0 = Release|Win32
		{A4D02AE3-DD2D-4284-BE63-070688499304}.Debug|x64.ActiveCfg = Debug|x64
		{A4D02AE3-DD2D-4284-BE63-070688499304}.Debug|x64.Build.0 = Debug|x64
		{A4D02AE3-DD2D-4284-BE63-070688499304}.Debug|x86.ActiveCfg = Debug|Win32
		{A4D02AE3-DD2D-4284-BE63-070688499304}.Debug|x86.Build.0 = Debug|Win32
		{A4D02AE3-DD2D-4284-BE63-070688499304}.Release|x64.ActiveCfg = Release|x64
		{A4D02AE3-DD2D-4284-BE63-070688499304}.Release|x64.Build.0 = Release|x64
		{A4D02AE3-DD2D-4284-BE63-070688499304}.Release|x86.ActiveCfg = Release|Win32
		{A4D02AE3-DD2D-4284-BE63-070688499304}.Release|x86.Build.0 = Release|Win32
		{07416A36-01F4-4D3C-90F9-B183C877B082}.Debug|x64.ActiveCfg = Debug|x64
		{07416A36-01F4-4D3C-90F9-B183C877B082}.Debug|x64.Build.0 = Debug|x64
		{07416A36-01F4-4D3C-90F9-B183C877B082}.Debug|x86.ActiveCfg = Debug|Win32
		{07416A36-01F4-4D3C-90F9-B183C877B082}.Debug|x86.Build.0 = Debug|Win32
		{07416A36-01F4-4D3C-90F9-B183C877B082}.Release|x64.ActiveCfg = Release|x64
		{07416A36-01F4-4D3C-90F9-B183C877B082}.Release|x64.Build.0 = Release|x64
		{07416A36-01F4-4D3C-90F9-B183C877B082}.Release|x86.ActiveCfg = Release|Win32
		{07416A36-01F4-4D3C-90F9-B183C877B082}.Release|x86.Build.0 = Release|Win32
	EndGlobalSection
	GlobalSection(SolutionProperties) = preSolution
		HideSolutionNode = FALSE
	EndGlobalSection
	GlobalSection(ExtensibilityGlobals) = postSolution
		SolutionGuid = {1A21170F-32B5-4647-A484-76F183B15526}
	EndGlobalSection
EndGlobal
